
Microsoft Visual Studio Solution File, Format Version 12.00
# Visual Studio 15
VisualStudioVersion = 15.0.26403.7
MinimumVisualStudioVersion = 10.0.40219.1
Project("{FAE04EC0-301F-11D3-BF4B-00C04F79EFBC}") = "WalApp.Android", "WalApp\WalApp.Android\WalApp.Android.csproj", "{FE487D5B-AE84-4986-90C2-24988E07C58E}"
EndProject
Project("{FAE04EC0-301F-11D3-BF4B-00C04F79EFBC}") = "WalApp", "WalApp\WalApp\WalApp.csproj", "{53BEBCB8-E19A-422A-AB32-9C4F847CB4BC}"
EndProject
Project("{FAE04EC0-301F-11D3-BF4B-00C04F79EFBC}") = "WalApp.UWP", "WalApp\WalApp.UWP\WalApp.UWP.csproj", "{5E6698F9-AF95-46D4-80FC-7770E4B1F9E5}"
EndProject
Project("{FAE04EC0-301F-11D3-BF4B-00C04F79EFBC}") = "WalApp.iOS", "WalApp\WalApp.iOS\WalApp.iOS.csproj", "{B3501444-E103-4584-9FA5-09AADE3E38F6}"
EndProject
Global
	GlobalSection(SolutionConfigurationPlatforms) = preSolution
		Ad-Hoc|Any CPU = Ad-Hoc|Any CPU
		Ad-Hoc|ARM = Ad-Hoc|ARM
		Ad-Hoc|iPhone = Ad-Hoc|iPhone
		Ad-Hoc|iPhoneSimulator = Ad-Hoc|iPhoneSimulator
		Ad-Hoc|x64 = Ad-Hoc|x64
		Ad-Hoc|x86 = Ad-Hoc|x86
		AppStore|Any CPU = AppStore|Any CPU
		AppStore|ARM = AppStore|ARM
		AppStore|iPhone = AppStore|iPhone
		AppStore|iPhoneSimulator = AppStore|iPhoneSimulator
		AppStore|x64 = AppStore|x64
		AppStore|x86 = AppStore|x86
		Debug|Any CPU = Debug|Any CPU
		Debug|ARM = Debug|ARM
		Debug|iPhone = Debug|iPhone
		Debug|iPhoneSimulator = Debug|iPhoneSimulator
		Debug|x64 = Debug|x64
		Debug|x86 = Debug|x86
		Release|Any CPU = Release|Any CPU
		Release|ARM = Release|ARM
		Release|iPhone = Release|iPhone
		Release|iPhoneSimulator = Release|iPhoneSimulator
		Release|x64 = Release|x64
		Release|x86 = Release|x86
	EndGlobalSection
	GlobalSection(ProjectConfigurationPlatforms) = postSolution
		{FE487D5B-AE84-4986-90C2-24988E07C58E}.Ad-Hoc|Any CPU.ActiveCfg = Release|Any CPU
		{FE487D5B-AE84-4986-90C2-24988E07C58E}.Ad-Hoc|Any CPU.Build.0 = Release|Any CPU
		{FE487D5B-AE84-4986-90C2-24988E07C58E}.Ad-Hoc|Any CPU.Deploy.0 = Release|Any CPU
		{FE487D5B-AE84-4986-90C2-24988E07C58E}.Ad-Hoc|ARM.ActiveCfg = Release|Any CPU
		{FE487D5B-AE84-4986-90C2-24988E07C58E}.Ad-Hoc|ARM.Build.0 = Release|Any CPU
		{FE487D5B-AE84-4986-90C2-24988E07C58E}.Ad-Hoc|ARM.Deploy.0 = Release|Any CPU
		{FE487D5B-AE84-4986-90C2-24988E07C58E}.Ad-Hoc|iPhone.ActiveCfg = Release|Any CPU
		{FE487D5B-AE84-4986-90C2-24988E07C58E}.Ad-Hoc|iPhone.Build.0 = Release|Any CPU
		{FE487D5B-AE84-4986-90C2-24988E07C58E}.Ad-Hoc|iPhone.Deploy.0 = Release|Any CPU
		{FE487D5B-AE84-4986-90C2-24988E07C58E}.Ad-Hoc|iPhoneSimulator.ActiveCfg = Release|Any CPU
		{FE487D5B-AE84-4986-90C2-24988E07C58E}.Ad-Hoc|iPhoneSimulator.Build.0 = Release|Any CPU
		{FE487D5B-AE84-4986-90C2-24988E07C58E}.Ad-Hoc|iPhoneSimulator.Deploy.0 = Release|Any CPU
		{FE487D5B-AE84-4986-90C2-24988E07C58E}.Ad-Hoc|x64.ActiveCfg = Release|Any CPU
		{FE487D5B-AE84-4986-90C2-24988E07C58E}.Ad-Hoc|x64.Build.0 = Release|Any CPU
		{FE487D5B-AE84-4986-90C2-24988E07C58E}.Ad-Hoc|x64.Deploy.0 = Release|Any CPU
		{FE487D5B-AE84-4986-90C2-24988E07C58E}.Ad-Hoc|x86.ActiveCfg = Release|Any CPU
		{FE487D5B-AE84-4986-90C2-24988E07C58E}.Ad-Hoc|x86.Build.0 = Release|Any CPU
		{FE487D5B-AE84-4986-90C2-24988E07C58E}.Ad-Hoc|x86.Deploy.0 = Release|Any CPU
		{FE487D5B-AE84-4986-90C2-24988E07C58E}.AppStore|Any CPU.ActiveCfg = Release|Any CPU
		{FE487D5B-AE84-4986-90C2-24988E07C58E}.AppStore|Any CPU.Build.0 = Release|Any CPU
		{FE487D5B-AE84-4986-90C2-24988E07C58E}.AppStore|Any CPU.Deploy.0 = Release|Any CPU
		{FE487D5B-AE84-4986-90C2-24988E07C58E}.AppStore|ARM.ActiveCfg = Release|Any CPU
		{FE487D5B-AE84-4986-90C2-24988E07C58E}.AppStore|ARM.Build.0 = Release|Any CPU
		{FE487D5B-AE84-4986-90C2-24988E07C58E}.AppStore|ARM.Deploy.0 = Release|Any CPU
		{FE487D5B-AE84-4986-90C2-24988E07C58E}.AppStore|iPhone.ActiveCfg = Release|Any CPU
		{FE487D5B-AE84-4986-90C2-24988E07C58E}.AppStore|iPhone.Build.0 = Release|Any CPU
		{FE487D5B-AE84-4986-90C2-24988E07C58E}.AppStore|iPhone.Deploy.0 = Release|Any CPU
		{FE487D5B-AE84-4986-90C2-24988E07C58E}.AppStore|iPhoneSimulator.ActiveCfg = Release|Any CPU
		{FE487D5B-AE84-4986-90C2-24988E07C58E}.AppStore|iPhoneSimulator.Build.0 = Release|Any CPU
		{FE487D5B-AE84-4986-90C2-24988E07C58E}.AppStore|iPhoneSimulator.Deploy.0 = Release|Any CPU
		{FE487D5B-AE84-4986-90C2-24988E07C58E}.AppStore|x64.ActiveCfg = Release|Any CPU
		{FE487D5B-AE84-4986-90C2-24988E07C58E}.AppStore|x64.Build.0 = Release|Any CPU
		{FE487D5B-AE84-4986-90C2-24988E07C58E}.AppStore|x64.Deploy.0 = Release|Any CPU
		{FE487D5B-AE84-4986-90C2-24988E07C58E}.AppStore|x86.ActiveCfg = Release|Any CPU
		{FE487D5B-AE84-4986-90C2-24988E07C58E}.AppStore|x86.Build.0 = Release|Any CPU
		{FE487D5B-AE84-4986-90C2-24988E07C58E}.AppStore|x86.Deploy.0 = Release|Any CPU
		{FE487D5B-AE84-4986-90C2-24988E07C58E}.Debug|Any CPU.ActiveCfg = Debug|Any CPU
		{FE487D5B-AE84-4986-90C2-24988E07C58E}.Debug|Any CPU.Build.0 = Debug|Any CPU
		{FE487D5B-AE84-4986-90C2-24988E07C58E}.Debug|Any CPU.Deploy.0 = Debug|Any CPU
		{FE487D5B-AE84-4986-90C2-24988E07C58E}.Debug|ARM.ActiveCfg = Debug|Any CPU
		{FE487D5B-AE84-4986-90C2-24988E07C58E}.Debug|ARM.Build.0 = Debug|Any CPU
		{FE487D5B-AE84-4986-90C2-24988E07C58E}.Debug|ARM.Deploy.0 = Debug|Any CPU
		{FE487D5B-AE84-4986-90C2-24988E07C58E}.Debug|iPhone.ActiveCfg = Debug|Any CPU
		{FE487D5B-AE84-4986-90C2-24988E07C58E}.Debug|iPhone.Build.0 = Debug|Any CPU
		{FE487D5B-AE84-4986-90C2-24988E07C58E}.Debug|iPhone.Deploy.0 = Debug|Any CPU
		{FE487D5B-AE84-4986-90C2-24988E07C58E}.Debug|iPhoneSimulator.ActiveCfg = Debug|Any CPU
		{FE487D5B-AE84-4986-90C2-24988E07C58E}.Debug|iPhoneSimulator.Build.0 = Debug|Any CPU
		{FE487D5B-AE84-4986-90C2-24988E07C58E}.Debug|iPhoneSimulator.Deploy.0 = Debug|Any CPU
		{FE487D5B-AE84-4986-90C2-24988E07C58E}.Debug|x64.ActiveCfg = Debug|Any CPU
		{FE487D5B-AE84-4986-90C2-24988E07C58E}.Debug|x64.Build.0 = Debug|Any CPU
		{FE487D5B-AE84-4986-90C2-24988E07C58E}.Debug|x64.Deploy.0 = Debug|Any CPU
		{FE487D5B-AE84-4986-90C2-24988E07C58E}.Debug|x86.ActiveCfg = Debug|Any CPU
		{FE487D5B-AE84-4986-90C2-24988E07C58E}.Debug|x86.Build.0 = Debug|Any CPU
		{FE487D5B-AE84-4986-90C2-24988E07C58E}.Debug|x86.Deploy.0 = Debug|Any CPU
		{FE487D5B-AE84-4986-90C2-24988E07C58E}.Release|Any CPU.ActiveCfg = Release|Any CPU
		{FE487D5B-AE84-4986-90C2-24988E07C58E}.Release|Any CPU.Build.0 = Release|Any CPU
		{FE487D5B-AE84-4986-90C2-24988E07C58E}.Release|Any CPU.Deploy.0 = Release|Any CPU
		{FE487D5B-AE84-4986-90C2-24988E07C58E}.Release|ARM.ActiveCfg = Release|Any CPU
		{FE487D5B-AE84-4986-90C2-24988E07C58E}.Release|ARM.Build.0 = Release|Any CPU
		{FE487D5B-AE84-4986-90C2-24988E07C58E}.Release|ARM.Deploy.0 = Release|Any CPU
		{FE487D5B-AE84-4986-90C2-24988E07C58E}.Release|iPhone.ActiveCfg = Release|Any CPU
		{FE487D5B-AE84-4986-90C2-24988E07C58E}.Release|iPhone.Build.0 = Release|Any CPU
		{FE487D5B-AE84-4986-90C2-24988E07C58E}.Release|iPhone.Deploy.0 = Release|Any CPU
		{FE487D5B-AE84-4986-90C2-24988E07C58E}.Release|iPhoneSimulator.ActiveCfg = Release|Any CPU
		{FE487D5B-AE84-4986-90C2-24988E07C58E}.Release|iPhoneSimulator.Build.0 = Release|Any CPU
		{FE487D5B-AE84-4986-90C2-24988E07C58E}.Release|iPhoneSimulator.Deploy.0 = Release|Any CPU
		{FE487D5B-AE84-4986-90C2-24988E07C58E}.Release|x64.ActiveCfg = Release|Any CPU
		{FE487D5B-AE84-4986-90C2-24988E07C58E}.Release|x64.Build.0 = Release|Any CPU
		{FE487D5B-AE84-4986-90C2-24988E07C58E}.Release|x64.Deploy.0 = Release|Any CPU
		{FE487D5B-AE84-4986-90C2-24988E07C58E}.Release|x86.ActiveCfg = Release|Any CPU
		{FE487D5B-AE84-4986-90C2-24988E07C58E}.Release|x86.Build.0 = Release|Any CPU
		{FE487D5B-AE84-4986-90C2-24988E07C58E}.Release|x86.Deploy.0 = Release|Any CPU
		{53BEBCB8-E19A-422A-AB32-9C4F847CB4BC}.Ad-Hoc|Any CPU.ActiveCfg = Release|Any CPU
		{53BEBCB8-E19A-422A-AB32-9C4F847CB4BC}.Ad-Hoc|Any CPU.Build.0 = Release|Any CPU
		{53BEBCB8-E19A-422A-AB32-9C4F847CB4BC}.Ad-Hoc|ARM.ActiveCfg = Release|Any CPU
		{53BEBCB8-E19A-422A-AB32-9C4F847CB4BC}.Ad-Hoc|ARM.Build.0 = Release|Any CPU
		{53BEBCB8-E19A-422A-AB32-9C4F847CB4BC}.Ad-Hoc|iPhone.ActiveCfg = Release|Any CPU
		{53BEBCB8-E19A-422A-AB32-9C4F847CB4BC}.Ad-Hoc|iPhone.Build.0 = Release|Any CPU
		{53BEBCB8-E19A-422A-AB32-9C4F847CB4BC}.Ad-Hoc|iPhoneSimulator.ActiveCfg = Release|Any CPU
		{53BEBCB8-E19A-422A-AB32-9C4F847CB4BC}.Ad-Hoc|iPhoneSimulator.Build.0 = Release|Any CPU
		{53BEBCB8-E19A-422A-AB32-9C4F847CB4BC}.Ad-Hoc|x64.ActiveCfg = Release|Any CPU
		{53BEBCB8-E19A-422A-AB32-9C4F847CB4BC}.Ad-Hoc|x64.Build.0 = Release|Any CPU
		{53BEBCB8-E19A-422A-AB32-9C4F847CB4BC}.Ad-Hoc|x86.ActiveCfg = Release|Any CPU
		{53BEBCB8-E19A-422A-AB32-9C4F847CB4BC}.Ad-Hoc|x86.Build.0 = Release|Any CPU
		{53BEBCB8-E19A-422A-AB32-9C4F847CB4BC}.AppStore|Any CPU.ActiveCfg = Release|Any CPU
		{53BEBCB8-E19A-422A-AB32-9C4F847CB4BC}.AppStore|Any CPU.Build.0 = Release|Any CPU
		{53BEBCB8-E19A-422A-AB32-9C4F847CB4BC}.AppStore|ARM.ActiveCfg = Release|Any CPU
		{53BEBCB8-E19A-422A-AB32-9C4F847CB4BC}.AppStore|ARM.Build.0 = Release|Any CPU
		{53BEBCB8-E19A-422A-AB32-9C4F847CB4BC}.AppStore|iPhone.ActiveCfg = Release|Any CPU
		{53BEBCB8-E19A-422A-AB32-9C4F847CB4BC}.AppStore|iPhone.Build.0 = Release|Any CPU
		{53BEBCB8-E19A-422A-AB32-9C4F847CB4BC}.AppStore|iPhoneSimulator.ActiveCfg = Release|Any CPU
		{53BEBCB8-E19A-422A-AB32-9C4F847CB4BC}.AppStore|iPhoneSimulator.Build.0 = Release|Any CPU
		{53BEBCB8-E19A-422A-AB32-9C4F847CB4BC}.AppStore|x64.ActiveCfg = Release|Any CPU
		{53BEBCB8-E19A-422A-AB32-9C4F847CB4BC}.AppStore|x64.Build.0 = Release|Any CPU
		{53BEBCB8-E19A-422A-AB32-9C4F847CB4BC}.AppStore|x86.ActiveCfg = Release|Any CPU
		{53BEBCB8-E19A-422A-AB32-9C4F847CB4BC}.AppStore|x86.Build.0 = Release|Any CPU
		{53BEBCB8-E19A-422A-AB32-9C4F847CB4BC}.Debug|Any CPU.ActiveCfg = Debug|Any CPU
		{53BEBCB8-E19A-422A-AB32-9C4F847CB4BC}.Debug|Any CPU.Build.0 = Debug|Any CPU
		{53BEBCB8-E19A-422A-AB32-9C4F847CB4BC}.Debug|ARM.ActiveCfg = Debug|Any CPU
		{53BEBCB8-E19A-422A-AB32-9C4F847CB4BC}.Debug|ARM.Build.0 = Debug|Any CPU
		{53BEBCB8-E19A-422A-AB32-9C4F847CB4BC}.Debug|iPhone.ActiveCfg = Debug|Any CPU
		{53BEBCB8-E19A-422A-AB32-9C4F847CB4BC}.Debug|iPhone.Build.0 = Debug|Any CPU
		{53BEBCB8-E19A-422A-AB32-9C4F847CB4BC}.Debug|iPhoneSimulator.ActiveCfg = Debug|Any CPU
		{53BEBCB8-E19A-422A-AB32-9C4F847CB4BC}.Debug|iPhoneSimulator.Build.0 = Debug|Any CPU
		{53BEBCB8-E19A-422A-AB32-9C4F847CB4BC}.Debug|x64.ActiveCfg = Debug|Any CPU
		{53BEBCB8-E19A-422A-AB32-9C4F847CB4BC}.Debug|x64.Build.0 = Debug|Any CPU
		{53BEBCB8-E19A-422A-AB32-9C4F847CB4BC}.Debug|x86.ActiveCfg = Debug|Any CPU
		{53BEBCB8-E19A-422A-AB32-9C4F847CB4BC}.Debug|x86.Build.0 = Debug|Any CPU
		{53BEBCB8-E19A-422A-AB32-9C4F847CB4BC}.Release|Any CPU.ActiveCfg = Release|Any CPU
		{53BEBCB8-E19A-422A-AB32-9C4F847CB4BC}.Release|Any CPU.Build.0 = Release|Any CPU
		{53BEBCB8-E19A-422A-AB32-9C4F847CB4BC}.Release|ARM.ActiveCfg = Release|Any CPU
		{53BEBCB8-E19A-422A-AB32-9C4F847CB4BC}.Release|ARM.Build.0 = Release|Any CPU
		{53BEBCB8-E19A-422A-AB32-9C4F847CB4BC}.Release|iPhone.ActiveCfg = Release|Any CPU
		{53BEBCB8-E19A-422A-AB32-9C4F847CB4BC}.Release|iPhone.Build.0 = Release|Any CPU
		{53BEBCB8-E19A-422A-AB32-9C4F847CB4BC}.Release|iPhoneSimulator.ActiveCfg = Release|Any CPU
		{53BEBCB8-E19A-422A-AB32-9C4F847CB4BC}.Release|iPhoneSimulator.Build.0 = Release|Any CPU
		{53BEBCB8-E19A-422A-AB32-9C4F847CB4BC}.Release|x64.ActiveCfg = Release|Any CPU
		{53BEBCB8-E19A-422A-AB32-9C4F847CB4BC}.Release|x64.Build.0 = Release|Any CPU
		{53BEBCB8-E19A-422A-AB32-9C4F847CB4BC}.Release|x86.ActiveCfg = Release|Any CPU
		{53BEBCB8-E19A-422A-AB32-9C4F847CB4BC}.Release|x86.Build.0 = Release|Any CPU
		{5E6698F9-AF95-46D4-80FC-7770E4B1F9E5}.Ad-Hoc|Any CPU.ActiveCfg = Release|x86
		{5E6698F9-AF95-46D4-80FC-7770E4B1F9E5}.Ad-Hoc|Any CPU.Build.0 = Release|x86
		{5E6698F9-AF95-46D4-80FC-7770E4B1F9E5}.Ad-Hoc|Any CPU.Deploy.0 = Release|x86
		{5E6698F9-AF95-46D4-80FC-7770E4B1F9E5}.Ad-Hoc|ARM.ActiveCfg = Release|ARM
		{5E6698F9-AF95-46D4-80FC-7770E4B1F9E5}.Ad-Hoc|ARM.Build.0 = Release|ARM
		{5E6698F9-AF95-46D4-80FC-7770E4B1F9E5}.Ad-Hoc|ARM.Deploy.0 = Release|ARM
		{5E6698F9-AF95-46D4-80FC-7770E4B1F9E5}.Ad-Hoc|iPhone.ActiveCfg = Release|x86
		{5E6698F9-AF95-46D4-80FC-7770E4B1F9E5}.Ad-Hoc|iPhone.Build.0 = Release|x86
		{5E6698F9-AF95-46D4-80FC-7770E4B1F9E5}.Ad-Hoc|iPhone.Deploy.0 = Release|x86
		{5E6698F9-AF95-46D4-80FC-7770E4B1F9E5}.Ad-Hoc|iPhoneSimulator.ActiveCfg = Release|x86
		{5E6698F9-AF95-46D4-80FC-7770E4B1F9E5}.Ad-Hoc|iPhoneSimulator.Build.0 = Release|x86
		{5E6698F9-AF95-46D4-80FC-7770E4B1F9E5}.Ad-Hoc|iPhoneSimulator.Deploy.0 = Release|x86
		{5E6698F9-AF95-46D4-80FC-7770E4B1F9E5}.Ad-Hoc|x64.ActiveCfg = Release|x64
		{5E6698F9-AF95-46D4-80FC-7770E4B1F9E5}.Ad-Hoc|x64.Build.0 = Release|x64
		{5E6698F9-AF95-46D4-80FC-7770E4B1F9E5}.Ad-Hoc|x64.Deploy.0 = Release|x64
		{5E6698F9-AF95-46D4-80FC-7770E4B1F9E5}.Ad-Hoc|x86.ActiveCfg = Release|x86
		{5E6698F9-AF95-46D4-80FC-7770E4B1F9E5}.Ad-Hoc|x86.Build.0 = Release|x86
		{5E6698F9-AF95-46D4-80FC-7770E4B1F9E5}.Ad-Hoc|x86.Deploy.0 = Release|x86
		{5E6698F9-AF95-46D4-80FC-7770E4B1F9E5}.AppStore|Any CPU.ActiveCfg = Release|x86
		{5E6698F9-AF95-46D4-80FC-7770E4B1F9E5}.AppStore|Any CPU.Build.0 = Release|x86
		{5E6698F9-AF95-46D4-80FC-7770E4B1F9E5}.AppStore|Any CPU.Deploy.0 = Release|x86
		{5E6698F9-AF95-46D4-80FC-7770E4B1F9E5}.AppStore|ARM.ActiveCfg = Release|ARM
		{5E6698F9-AF95-46D4-80FC-7770E4B1F9E5}.AppStore|ARM.Build.0 = Release|ARM
		{5E6698F9-AF95-46D4-80FC-7770E4B1F9E5}.AppStore|ARM.Deploy.0 = Release|ARM
		{5E6698F9-AF95-46D4-80FC-7770E4B1F9E5}.AppStore|iPhone.ActiveCfg = Release|x86
		{5E6698F9-AF95-46D4-80FC-7770E4B1F9E5}.AppStore|iPhone.Build.0 = Release|x86
		{5E6698F9-AF95-46D4-80FC-7770E4B1F9E5}.AppStore|iPhone.Deploy.0 = Release|x86
		{5E6698F9-AF95-46D4-80FC-7770E4B1F9E5}.AppStore|iPhoneSimulator.ActiveCfg = Release|x86
		{5E6698F9-AF95-46D4-80FC-7770E4B1F9E5}.AppStore|iPhoneSimulator.Build.0 = Release|x86
		{5E6698F9-AF95-46D4-80FC-7770E4B1F9E5}.AppStore|iPhoneSimulator.Deploy.0 = Release|x86
		{5E6698F9-AF95-46D4-80FC-7770E4B1F9E5}.AppStore|x64.ActiveCfg = Release|x64
		{5E6698F9-AF95-46D4-80FC-7770E4B1F9E5}.AppStore|x64.Build.0 = Release|x64
		{5E6698F9-AF95-46D4-80FC-7770E4B1F9E5}.AppStore|x64.Deploy.0 = Release|x64
		{5E6698F9-AF95-46D4-80FC-7770E4B1F9E5}.AppStore|x86.ActiveCfg = Release|x86
		{5E6698F9-AF95-46D4-80FC-7770E4B1F9E5}.AppStore|x86.Build.0 = Release|x86
		{5E6698F9-AF95-46D4-80FC-7770E4B1F9E5}.AppStore|x86.Deploy.0 = Release|x86
		{5E6698F9-AF95-46D4-80FC-7770E4B1F9E5}.Debug|Any CPU.ActiveCfg = Debug|x86
		{5E6698F9-AF95-46D4-80FC-7770E4B1F9E5}.Debug|ARM.ActiveCfg = Debug|ARM
		{5E6698F9-AF95-46D4-80FC-7770E4B1F9E5}.Debug|ARM.Build.0 = Debug|ARM
		{5E6698F9-AF95-46D4-80FC-7770E4B1F9E5}.Debug|ARM.Deploy.0 = Debug|ARM
		{5E6698F9-AF95-46D4-80FC-7770E4B1F9E5}.Debug|iPhone.ActiveCfg = Debug|x86
		{5E6698F9-AF95-46D4-80FC-7770E4B1F9E5}.Debug|iPhoneSimulator.ActiveCfg = Debug|x86
		{5E6698F9-AF95-46D4-80FC-7770E4B1F9E5}.Debug|x64.ActiveCfg = Debug|x64
		{5E6698F9-AF95-46D4-80FC-7770E4B1F9E5}.Debug|x64.Build.0 = Debug|x64
		{5E6698F9-AF95-46D4-80FC-7770E4B1F9E5}.Debug|x64.Deploy.0 = Debug|x64
		{5E6698F9-AF95-46D4-80FC-7770E4B1F9E5}.Debug|x86.ActiveCfg = Debug|x86
		{5E6698F9-AF95-46D4-80FC-7770E4B1F9E5}.Debug|x86.Build.0 = Debug|x86
		{5E6698F9-AF95-46D4-80FC-7770E4B1F9E5}.Debug|x86.Deploy.0 = Debug|x86
		{5E6698F9-AF95-46D4-80FC-7770E4B1F9E5}.Release|Any CPU.ActiveCfg = Release|x86
		{5E6698F9-AF95-46D4-80FC-7770E4B1F9E5}.Release|ARM.ActiveCfg = Release|ARM
		{5E6698F9-AF95-46D4-80FC-7770E4B1F9E5}.Release|ARM.Build.0 = Release|ARM
		{5E6698F9-AF95-46D4-80FC-7770E4B1F9E5}.Release|ARM.Deploy.0 = Release|ARM
		{5E6698F9-AF95-46D4-80FC-7770E4B1F9E5}.Release|iPhone.ActiveCfg = Release|x86
		{5E6698F9-AF95-46D4-80FC-7770E4B1F9E5}.Release|iPhoneSimulator.ActiveCfg = Release|x86
		{5E6698F9-AF95-46D4-80FC-7770E4B1F9E5}.Release|x64.ActiveCfg = Release|x64
		{5E6698F9-AF95-46D4-80FC-7770E4B1F9E5}.Release|x64.Build.0 = Release|x64
		{5E6698F9-AF95-46D4-80FC-7770E4B1F9E5}.Release|x64.Deploy.0 = Release|x64
		{5E6698F9-AF95-46D4-80FC-7770E4B1F9E5}.Release|x86.ActiveCfg = Release|x86
		{5E6698F9-AF95-46D4-80FC-7770E4B1F9E5}.Release|x86.Build.0 = Release|x86
		{5E6698F9-AF95-46D4-80FC-7770E4B1F9E5}.Release|x86.Deploy.0 = Release|x86
		{B3501444-E103-4584-9FA5-09AADE3E38F6}.Ad-Hoc|Any CPU.ActiveCfg = Ad-Hoc|iPhone
		{B3501444-E103-4584-9FA5-09AADE3E38F6}.Ad-Hoc|ARM.ActiveCfg = Ad-Hoc|iPhone
		{B3501444-E103-4584-9FA5-09AADE3E38F6}.Ad-Hoc|iPhone.ActiveCfg = Ad-Hoc|iPhone
		{B3501444-E103-4584-9FA5-09AADE3E38F6}.Ad-Hoc|iPhone.Build.0 = Ad-Hoc|iPhone
		{B3501444-E103-4584-9FA5-09AADE3E38F6}.Ad-Hoc|iPhoneSimulator.ActiveCfg = Ad-Hoc|iPhoneSimulator
		{B3501444-E103-4584-9FA5-09AADE3E38F6}.Ad-Hoc|iPhoneSimulator.Build.0 = Ad-Hoc|iPhoneSimulator
		{B3501444-E103-4584-9FA5-09AADE3E38F6}.Ad-Hoc|x64.ActiveCfg = Ad-Hoc|iPhone
		{B3501444-E103-4584-9FA5-09AADE3E38F6}.Ad-Hoc|x86.ActiveCfg = Ad-Hoc|iPhone
		{B3501444-E103-4584-9FA5-09AADE3E38F6}.AppStore|Any CPU.ActiveCfg = AppStore|iPhone
		{B3501444-E103-4584-9FA5-09AADE3E38F6}.AppStore|ARM.ActiveCfg = AppStore|iPhone
		{B3501444-E103-4584-9FA5-09AADE3E38F6}.AppStore|iPhone.ActiveCfg = AppStore|iPhone
		{B3501444-E103-4584-9FA5-09AADE3E38F6}.AppStore|iPhone.Build.0 = AppStore|iPhone
		{B3501444-E103-4584-9FA5-09AADE3E38F6}.AppStore|iPhoneSimulator.ActiveCfg = AppStore|iPhoneSimulator
		{B3501444-E103-4584-9FA5-09AADE3E38F6}.AppStore|iPhoneSimulator.Build.0 = AppStore|iPhoneSimulator
		{B3501444-E103-4584-9FA5-09AADE3E38F6}.AppStore|x64.ActiveCfg = AppStore|iPhone
		{B3501444-E103-4584-9FA5-09AADE3E38F6}.AppStore|x86.ActiveCfg = AppStore|iPhone
		{B3501444-E103-4584-9FA5-09AADE3E38F6}.Debug|Any CPU.ActiveCfg = Debug|iPhone
		{B3501444-E103-4584-9FA5-09AADE3E38F6}.Debug|ARM.ActiveCfg = Debug|iPhone
		{B3501444-E103-4584-9FA5-09AADE3E38F6}.Debug|iPhone.ActiveCfg = Debug|iPhone
		{B3501444-E103-4584-9FA5-09AADE3E38F6}.Debug|iPhone.Build.0 = Debug|iPhone
		{B3501444-E103-4584-9FA5-09AADE3E38F6}.Debug|iPhoneSimulator.ActiveCfg = Debug|iPhoneSimulator
		{B3501444-E103-4584-9FA5-09AADE3E38F6}.Debug|iPhoneSimulator.Build.0 = Debug|iPhoneSimulator
		{B3501444-E103-4584-9FA5-09AADE3E38F6}.Debug|x64.ActiveCfg = Debug|iPhone
		{B3501444-E103-4584-9FA5-09AADE3E38F6}.Debug|x86.ActiveCfg = Debug|iPhone
		{B3501444-E103-4584-9FA5-09AADE3E38F6}.Release|Any CPU.ActiveCfg = Release|iPhone
		{B3501444-E103-4584-9FA5-09AADE3E38F6}.Release|ARM.ActiveCfg = Release|iPhone
		{B3501444-E103-4584-9FA5-09AADE3E38F6}.Release|iPhone.ActiveCfg = Release|iPhone
		{B3501444-E103-4584-9FA5-09AADE3E38F6}.Release|iPhone.Build.0 = Release|iPhone
		{B3501444-E103-4584-9FA5-09AADE3E38F6}.Release|iPhoneSimulator.ActiveCfg = Release|iPhoneSimulator
		{B3501444-E103-4584-9FA5-09AADE3E38F6}.Release|iPhoneSimulator.Build.0 = Release|iPhoneSimulator
		{B3501444-E103-4584-9FA5-09AADE3E38F6}.Release|x64.ActiveCfg = Release|iPhone
		{B3501444-E103-4584-9FA5-09AADE3E38F6}.Release|x86.ActiveCfg = Release|iPhone
	EndGlobalSection
	GlobalSection(SolutionProperties) = preSolution
		HideSolutionNode = FALSE
	EndGlobalSection
EndGlobal
